
Microsoft Visual Studio Solution File, Format Version 12.00
# Visual Studio Version 16
VisualStudioVersion = 16.0.29728.190
MinimumVisualStudioVersion = 10.0.40219.1
Project("{FAE04EC0-301F-11D3-BF4B-00C04F79EFBC}") = "Question6", "Question6\Question6.csproj", "{1C0EF106-3D81-4C36-BBF2-CD84F683D2BF}"
EndProject
Global
	GlobalSection(SolutionConfigurationPlatforms) = preSolution
		Debug|Any CPU = Debug|Any CPU
		Release|Any CPU = Release|Any CPU
	EndGlobalSection
	GlobalSection(ProjectConfigurationPlatforms) = postSolution
		{1C0EF106-3D81-4C36-BBF2-CD84F683D2BF}.Debug|Any CPU.ActiveCfg = Debug|Any CPU
		{1C0EF106-3D81-4C36-BBF2-CD84F683D2BF}.Debug|Any CPU.Build.0 = Debug|Any CPU
		{1C0EF106-3D81-4C36-BBF2-CD84F683D2BF}.Release|Any CPU.ActiveCfg = Release|Any CPU
		{1C0EF106-3D81-4C36-BBF2-CD84F683D2BF}.Release|Any CPU.Build.0 = Release|Any CPU
	EndGlobalSection
	GlobalSection(SolutionProperties) = preSolution
		HideSolutionNode = FALSE
	EndGlobalSection
	GlobalSection(ExtensibilityGlobals) = postSolution
		SolutionGuid = {8619CB93-2A87-4967-BBF6-A5720E77772B}
	EndGlobalSection
EndGlobal
